PODS:
  - Flutter (1.0.0)
  - GzipSwift (5.1.1)
  - instana_agent (1.0.0):
    - Flutter
    - InstanaAgent (= 1.1.10)
  - InstanaAgent (1.1.10):
    - GzipSwift

DEPENDENCIES:
  - Flutter (from `Flutter`)
  - instana_agent (from `.symlinks/plugins/instana_agent/ios`)

SPEC REPOS:
  trunk:
    - GzipSwift
    - InstanaAgent

EXTERNAL SOURCES:
  Flutter:
    :path: Flutter
  instana_agent:
    :path: ".symlinks/plugins/instana_agent/ios"

SPEC CHECKSUMS:
  Flutter: 0e3d915762c693b495b44d77113d4970485de6ec
  GzipSwift: 893f3e48e597a1a4f62fafcb6514220fcf8287fa
  instana_agent: 39eec547fc83a027955a5501bfd66aeb8de0f185
  InstanaAgent: 2f7fb2e364806dbe9e9aaa53ce6494c578108401

PODFILE CHECKSUM: ef19549a9bc3046e7bb7d2fab4d021637c0c58a3

COCOAPODS: 1.10.1
