PODS:
  - Flutter (1.0.0)
  - GzipSwift (5.1.1)
  - instana_agent (1.0.0):
    - Flutter
    - InstanaAgent (= 1.2.0)
  - InstanaAgent (1.2.0):
    - GzipSwift

DEPENDENCIES:
  - Flutter (from `Flutter`)
  - instana_agent (from `.symlinks/plugins/instana_agent/ios`)

SPEC REPOS:
  trunk:
    - GzipSwift
    - InstanaAgent

EXTERNAL SOURCES:
  Flutter:
    :path: Flutter
  instana_agent:
    :path: ".symlinks/plugins/instana_agent/ios"

SPEC CHECKSUMS:
  Flutter: 434fef37c0980e73bb6479ef766c45957d4b510c
  GzipSwift: 893f3e48e597a1a4f62fafcb6514220fcf8287fa
  instana_agent: 9d16a587224e47e201946fe1662f4fac543e4e50
  InstanaAgent: 5ac2f40c509218b1b436bc7d005f545f78015742

PODFILE CHECKSUM: ef19549a9bc3046e7bb7d2fab4d021637c0c58a3

COCOAPODS: 1.10.2
